
Microsoft Visual Studio Solution File, Format Version 12.00
# Visual Studio 15
VisualStudioVersion = 15.0.28307.645
MinimumVisualStudioVersion = 10.0.40219.1
Project("{FAE04EC0-301F-11D3-BF4B-00C04F79EFBC}") = "hwid", "hwid\hwid.csproj", "{7F6B081E-3B1B-458F-B4F8-2F9D93964453}"
EndProject
Global
	GlobalSection(SolutionConfigurationPlatforms) = preSolution
		Debug|Any CPU = Debug|Any CPU
		Release|Any CPU = Release|Any CPU
	EndGlobalSection
	GlobalSection(ProjectConfigurationPlatforms) = postSolution
		{7F6B081E-3B1B-458F-B4F8-2F9D93964453}.Debug|Any CPU.ActiveCfg = Debug|Any CPU
		{7F6B081E-3B1B-458F-B4F8-2F9D93964453}.Debug|Any CPU.Build.0 = Debug|Any CPU
		{7F6B081E-3B1B-458F-B4F8-2F9D93964453}.Release|Any CPU.ActiveCfg = Release|Any CPU
		{7F6B081E-3B1B-458F-B4F8-2F9D93964453}.Release|Any CPU.Build.0 = Release|Any CPU
	EndGlobalSection
	GlobalSection(SolutionProperties) = preSolution
		HideSolutionNode = FALSE
	EndGlobalSection
	GlobalSection(ExtensibilityGlobals) = postSolution
		SolutionGuid = {531F5306-AAFA-4AF7-838F-89CB76396A3C}
	EndGlobalSection
EndGlobal
